
Microsoft Visual Studio Solution File, Format Version 12.00
# Visual Studio Version 17
VisualStudioVersion = 17.8.34511.84
MinimumVisualStudioVersion = 10.0.40219.1
Project("{FAE04EC0-301F-11D3-BF4B-00C04F79EFBC}") = "APP_BD", "APP_BD\APP_BD.csproj", "{C97472A2-6400-427C-BFAE-D32F534BE866}"
EndProject
Global
	GlobalSection(SolutionConfigurationPlatforms) = preSolution
		Debug|Any CPU = Debug|Any CPU
		Release|Any CPU = Release|Any CPU
	EndGlobalSection
	GlobalSection(ProjectConfigurationPlatforms) = postSolution
		{C97472A2-6400-427C-BFAE-D32F534BE866}.Debug|Any CPU.ActiveCfg = Debug|Any CPU
		{C97472A2-6400-427C-BFAE-D32F534BE866}.Debug|Any CPU.Build.0 = Debug|Any CPU
		{C97472A2-6400-427C-BFAE-D32F534BE866}.Release|Any CPU.ActiveCfg = Release|Any CPU
		{C97472A2-6400-427C-BFAE-D32F534BE866}.Release|Any CPU.Build.0 = Release|Any CPU
	EndGlobalSection
	GlobalSection(SolutionProperties) = preSolution
		HideSolutionNode = FALSE
	EndGlobalSection
	GlobalSection(ExtensibilityGlobals) = postSolution
		SolutionGuid = {BE4B58AD-FD7F-40D4-9F81-FADDEF8F5317}
	EndGlobalSection
EndGlobal
